
Microsoft Visual Studio Solution File, Format Version 12.00
# Visual Studio Version 17
VisualStudioVersion = 17.4.33213.308
MinimumVisualStudioVersion = 10.0.40219.1
Project("{FAE04EC0-301F-11D3-BF4B-00C04F79EFBC}") = "LearnAPIGenRepoUnitOfWorkEntNetCore6B01", "LearnAPIGenRepoUnitOfWorkEntNetCore6B01\LearnAPIGenRepoUnitOfWorkEntNetCore6B01.csproj", "{0E1A4F6C-2F02-4A48-A047-F60DBD6875DC}"
EndProject
Global
	GlobalSection(SolutionConfigurationPlatforms) = preSolution
		Debug|Any CPU = Debug|Any CPU
		Release|Any CPU = Release|Any CPU
	EndGlobalSection
	GlobalSection(ProjectConfigurationPlatforms) = postSolution
		{0E1A4F6C-2F02-4A48-A047-F60DBD6875DC}.Debug|Any CPU.ActiveCfg = Debug|Any CPU
		{0E1A4F6C-2F02-4A48-A047-F60DBD6875DC}.Debug|Any CPU.Build.0 = Debug|Any CPU
		{0E1A4F6C-2F02-4A48-A047-F60DBD6875DC}.Release|Any CPU.ActiveCfg = Release|Any CPU
		{0E1A4F6C-2F02-4A48-A047-F60DBD6875DC}.Release|Any CPU.Build.0 = Release|Any CPU
	EndGlobalSection
	GlobalSection(SolutionProperties) = preSolution
		HideSolutionNode = FALSE
	EndGlobalSection
	GlobalSection(ExtensibilityGlobals) = postSolution
		SolutionGuid = {A4CDEE2B-1C11-4F10-A749-C11A4131CF7F}
	EndGlobalSection
EndGlobal
